
Microsoft Visual Studio Solution File, Format Version 12.00
# Visual Studio Version 17
VisualStudioVersion = 17.11.35312.102
MinimumVisualStudioVersion = 10.0.40219.1
Project("{FAE04EC0-301F-11D3-BF4B-00C04F79EFBC}") = "LB7_LOBKOVA", "LB7_LOBKOVA\LB7_LOBKOVA.csproj", "{53878806-8B26-4F14-A61E-C36836BE3272}"
EndProject
Global
	GlobalSection(SolutionConfigurationPlatforms) = preSolution
		Debug|Any CPU = Debug|Any CPU
		Release|Any CPU = Release|Any CPU
	EndGlobalSection
	GlobalSection(ProjectConfigurationPlatforms) = postSolution
		{53878806-8B26-4F14-A61E-C36836BE3272}.Debug|Any CPU.ActiveCfg = Debug|Any CPU
		{53878806-8B26-4F14-A61E-C36836BE3272}.Debug|Any CPU.Build.0 = Debug|Any CPU
		{53878806-8B26-4F14-A61E-C36836BE3272}.Release|Any CPU.ActiveCfg = Release|Any CPU
		{53878806-8B26-4F14-A61E-C36836BE3272}.Release|Any CPU.Build.0 = Release|Any CPU
	EndGlobalSection
	GlobalSection(SolutionProperties) = preSolution
		HideSolutionNode = FALSE
	EndGlobalSection
	GlobalSection(ExtensibilityGlobals) = postSolution
		SolutionGuid = {25440463-0577-4F2F-8286-F38049BD9A6D}
	EndGlobalSection
EndGlobal
